<?xml version="1.0" encoding="utf-8"?>
<Project ToolsVersion="4.0" xmlns="http://schemas.microsoft.com/developer/msbuild/2003">
  <ItemGroup>
    <ClCompile Include="Temp.cpp" />
    <ClCompile Include="..\common\interface.cpp">
      <Filter>common</Filter>
    </ClCompile>
    <ClCompile Include="..\common\parsemsg.cpp">
      <Filter>common</Filter>
    </ClCompile>
  </ItemGroup>
  <ItemGroup>
    <Filter Include="common">
      <UniqueIdentifier>{640cf22a-746e-4ccf-b2fb-298cbe495a71}</UniqueIdentifier>
    </Filter>
    <Filter Include="dlls">
      <UniqueIdentifier>{585db9e8-33dd-4117-8976-194014e38e15}</UniqueIdentifier>
    </Filter>
    <Filter Include="engine">
      <UniqueIdentifier>{e8d497cf-6243-465c-b886-99dfb0d8db9f}</UniqueIdentifier>
    </Filter>
    <Filter Include="shared">
      <UniqueIdentifier>{edc462a2-78dd-4cc9-b9e5-ad5750face52}</UniqueIdentifier>
    </Filter>
    <Filter Include="pm_shared">
      <UniqueIdentifier>{77ef4795-4b87-472f-90cd-fc8161373912}</UniqueIdentifier>
    </Filter>
    <Filter Include="public">
      <UniqueIdentifier>{ce80b0ee-fa7e-4dc4-8fbd-f186cbd4e7ec}</UniqueIdentifier>
    </Filter>
    <Filter Include="remp">
      <UniqueIdentifier>{06cd1f83-7b29-4a44-95f1-67a73b6a580a}</UniqueIdentifier>
    </Filter>
  </ItemGroup>
  <ItemGroup>
    <ClInclude Include="..\common\crc.h">
      <Filter>common</Filter>
    </ClInclude>
    <ClInclude Include="..\common\cvardef.h">
      <Filter>common</Filter>
    </ClInclude>
    <ClInclude Include="..\common\demo_api.h">
      <Filter>common</Filter>
    </ClInclude>
    <ClInclude Include="..\common\director_cmds.h">
      <Filter>common</Filter>
    </ClInclude>
    <ClInclude Include="..\common\dlight.h">
      <Filter>common</Filter>
    </ClInclude>
    <ClInclude Include="..\common\dll_state.h">
      <Filter>common</Filter>
    </ClInclude>
    <ClInclude Include="..\common\entity_state.h">
      <Filter>common</Filter>
    </ClInclude>
    <ClInclude Include="..\common\entity_types.h">
      <Filter>common</Filter>
    </ClInclude>
    <ClInclude Include="..\common\enums.h">
      <Filter>common</Filter>
    </ClInclude>
    <ClInclude Include="..\common\event_api.h">
      <Filter>common</Filter>
    </ClInclude>
    <ClInclude Include="..\common\event_args.h">
      <Filter>common</Filter>
    </ClInclude>
    <ClInclude Include="..\common\event_flags.h">
      <Filter>common</Filter>
    </ClInclude>
    <ClInclude Include="..\common\hltv.h">
      <Filter>common</Filter>
    </ClInclude>
    <ClInclude Include="..\common\in_buttons.h">
      <Filter>common</Filter>
    </ClInclude>
    <ClInclude Include="..\common\interface.h">
      <Filter>common</Filter>
    </ClInclude>
    <ClInclude Include="..\common\ivoicetweak.h">
      <Filter>common</Filter>
    </ClInclude>
    <ClInclude Include="..\common\mathlib.h">
      <Filter>common</Filter>
    </ClInclude>
    <ClInclude Include="..\common\net_api.h">
      <Filter>common</Filter>
    </ClInclude>
    <ClInclude Include="..\common\netadr.h">
      <Filter>common</Filter>
    </ClInclude>
    <ClInclude Include="..\common\nowin.h">
      <Filter>common</Filter>
    </ClInclude>
    <ClInclude Include="..\common\parsemsg.h">
      <Filter>common</Filter>
    </ClInclude>
    <ClInclude Include="..\common\particledef.h">
      <Filter>common</Filter>
    </ClInclude>
    <ClInclude Include="..\common\pmtrace.h">
      <Filter>common</Filter>
    </ClInclude>
    <ClInclude Include="..\common\port.h">
      <Filter>common</Filter>
    </ClInclude>
    <ClInclude Include="..\common\qfont.h">
      <Filter>common</Filter>
    </ClInclude>
    <ClInclude Include="..\common\r_efx.h">
      <Filter>common</Filter>
    </ClInclude>
    <ClInclude Include="..\common\r_studioint.h">
      <Filter>common</Filter>
    </ClInclude>
    <ClInclude Include="..\common\ref_params.h">
      <Filter>common</Filter>
    </ClInclude>
    <ClInclude Include="..\common\screenfade.h">
      <Filter>common</Filter>
    </ClInclude>
    <ClInclude Include="..\common\Sequence.h">
      <Filter>common</Filter>
    </ClInclude>
    <ClInclude Include="..\common\studio_event.h">
      <Filter>common</Filter>
    </ClInclude>
    <ClInclude Include="..\common\triangleapi.h">
      <Filter>common</Filter>
    </ClInclude>
    <ClInclude Include="..\common\usercmd.h">
      <Filter>common</Filter>
    </ClInclude>
    <ClInclude Include="..\common\weaponinfo.h">
      <Filter>common</Filter>
    </ClInclude>
    <ClInclude Include="..\common\winsani_in.h">
      <Filter>common</Filter>
    </ClInclude>
    <ClInclude Include="..\common\winsani_out.h">
      <Filter>common</Filter>
    </ClInclude>
    <ClInclude Include="..\common\beamdef.h">
      <Filter>common</Filter>
    </ClInclude>
    <ClInclude Include="..\common\cl_entity.h">
      <Filter>common</Filter>
    </ClInclude>
    <ClInclude Include="..\common\com_model.h">
      <Filter>common</Filter>
    </ClInclude>
    <ClInclude Include="..\common\con_nprint.h">
      <Filter>common</Filter>
    </ClInclude>
    <ClInclude Include="..\common\const.h">
      <Filter>common</Filter>
    </ClInclude>
  </ItemGroup>
</Project>